// !$*UTF8*$!
{
	archiveVersion = 1;
	classes = {
	};
	objectVersion = 56;
	objects = {

/* Begin PBXBuildFile section */
		442C89CA2AF83934004D941D /* RESTSocketExampleApp.swift in Sources */ = {isa = PBXBuildFile; fileRef = 442C89C92AF83934004D941D /* RESTSocketExampleApp.swift */; };
		442C89CC2AF83934004D941D /* ContentView.swift in Sources */ = {isa = PBXBuildFile; fileRef = 442C89CB2AF83934004D941D /* ContentView.swift */; };
		442C89CE2AF83935004D941D /* Assets.xcassets in Resources */ = {isa = PBXBuildFile; fileRef = 442C89CD2AF83935004D941D /* Assets.xcassets */; };
		442C89D22AF83935004D941D /* Preview Assets.xcassets in Resources */ = {isa = PBXBuildFile; fileRef = 442C89D12AF83935004D941D /* Preview Assets.xcassets */; };
		442C89DC2AF83935004D941D /* RESTSocketExampleTests.swift in Sources */ = {isa = PBXBuildFile; fileRef = 442C89DB2AF83935004D941D /* RESTSocketExampleTests.swift */; };
		442C89E62AF83935004D941D /* RESTSocketExampleUITests.swift in Sources */ = {isa = PBXBuildFile; fileRef = 442C89E52AF83935004D941D /* RESTSocketExampleUITests.swift */; };
		442C89E82AF83935004D941D /* RESTSocketExampleUITestsLaunchTests.swift in Sources */ = {isa = PBXBuildFile; fileRef = 442C89E72AF83935004D941D /* RESTSocketExampleUITestsLaunchTests.swift */; };
		442C89F62AF839E4004D941D /* ComposableArchitecture in Frameworks */ = {isa = PBXBuildFile; productRef = 442C89F52AF839E4004D941D /* ComposableArchitecture */; };
		442C89F82AF83B11004D941D /* LoginFeature.swift in Sources */ = {isa = PBXBuildFile; fileRef = 442C89F72AF83B11004D941D /* LoginFeature.swift */; };
		44A27D952AF84BF4000563AE /* AppFeature.swift in Sources */ = {isa = PBXBuildFile; fileRef = 44A27D942AF84BF4000563AE /* AppFeature.swift */; };
		44A27D972AF84CA8000563AE /* HomeFeature.swift in Sources */ = {isa = PBXBuildFile; fileRef = 44A27D962AF84CA8000563AE /* HomeFeature.swift */; };
		44A27D9B2AF8568E000563AE /* SessionInfo.swift in Sources */ = {isa = PBXBuildFile; fileRef = 44A27D9A2AF8568E000563AE /* SessionInfo.swift */; };
		44A27D9D2AF86A38000563AE /* WebSocketStream.swift in Sources */ = {isa = PBXBuildFile; fileRef = 44A27D9C2AF86A38000563AE /* WebSocketStream.swift */; };
		44A27D9F2AF874BB000563AE /* Transaction.swift in Sources */ = {isa = PBXBuildFile; fileRef = 44A27D9E2AF874BB000563AE /* Transaction.swift */; };
		44A27DA12AF88169000563AE /* EmptyModel.swift in Sources */ = {isa = PBXBuildFile; fileRef = 44A27DA02AF88168000563AE /* EmptyModel.swift */; };
		44F388842AF84073003BF89B /* TokenStorage.swift in Sources */ = {isa = PBXBuildFile; fileRef = 44F388822AF8405F003BF89B /* TokenStorage.swift */; };
		44F388872AF8409D003BF89B /* KeychainAccess in Frameworks */ = {isa = PBXBuildFile; productRef = 44F388862AF8409D003BF89B /* KeychainAccess */; };
		44F388892AF840B5003BF89B /* AuthToken.swift in Sources */ = {isa = PBXBuildFile; fileRef = 44F388882AF840B5003BF89B /* AuthToken.swift */; };
		44F3888E2AF8411B003BF89B /* Isolated.swift in Sources */ = {isa = PBXBuildFile; fileRef = 44F3888B2AF8411B003BF89B /* Isolated.swift */; };
		44F388902AF8411B003BF89B /* JSONCoders.swift in Sources */ = {isa = PBXBuildFile; fileRef = 44F3888D2AF8411B003BF89B /* JSONCoders.swift */; };
		44F388912AF8412D003BF89B /* AuthClientMock.swift in Sources */ = {isa = PBXBuildFile; fileRef = 44F388782AF84058003BF89B /* AuthClientMock.swift */; };
		44F388922AF84144003BF89B /* AuthClient.swift in Sources */ = {isa = PBXBuildFile; fileRef = 44F388772AF84058003BF89B /* AuthClient.swift */; };
		44F388932AF8414D003BF89B /* AppEnv.swift in Sources */ = {isa = PBXBuildFile; fileRef = 44F3887A2AF84058003BF89B /* AppEnv.swift */; };
		44F388942AF841DA003BF89B /* ApiClientTests.swift in Sources */ = {isa = PBXBuildFile; fileRef = 44F3887C2AF84058003BF89B /* ApiClientTests.swift */; };
		44F388952AF841E3003BF89B /* ApiClientMock.swift in Sources */ = {isa = PBXBuildFile; fileRef = 44F3887D2AF84058003BF89B /* ApiClientMock.swift */; };
		44F388962AF841E7003BF89B /* ApiClient.swift in Sources */ = {isa = PBXBuildFile; fileRef = 44F3887E2AF84058003BF89B /* ApiClient.swift */; };
		44F388972AF841EA003BF89B /* AuthSessionMock.swift in Sources */ = {isa = PBXBuildFile; fileRef = 44F3887F2AF84058003BF89B /* AuthSessionMock.swift */; };
		44F388982AF841EC003BF89B /* HTTPClient.swift in Sources */ = {isa = PBXBuildFile; fileRef = 44F388802AF84058003BF89B /* HTTPClient.swift */; };
		44F388992AF841F0003BF89B /* AuthSession.swift in Sources */ = {isa = PBXBuildFile; fileRef = 44F388812AF84058003BF89B /* AuthSession.swift */; };
/* End PBXBuildFile section */

/* Begin PBXContainerItemProxy section */
		442C89D82AF83935004D941D /* PBXContainerItemProxy */ = {
			isa = PBXContainerItemProxy;
			containerPortal = 442C89BE2AF83934004D941D /* Project object */;
			proxyType = 1;
			remoteGlobalIDString = 442C89C52AF83934004D941D;
			remoteInfo = RESTSocketExample;
		};
		442C89E22AF83935004D941D /* PBXContainerItemProxy */ = {
			isa = PBXContainerItemProxy;
			containerPortal = 442C89BE2AF83934004D941D /* Project object */;
			proxyType = 1;
			remoteGlobalIDString = 442C89C52AF83934004D941D;
			remoteInfo = RESTSocketExample;
		};
/* End PBXContainerItemProxy section */

/* Begin PBXFileReference section */
		442C89C62AF83934004D941D /* RESTSocketExample.app */ = {isa = PBXFileReference; explicitFileType = wrapper.application; includeInIndex = 0; path = RESTSocketExample.app; sourceTree = BUILT_PRODUCTS_DIR; };
		442C89C92AF83934004D941D /* RESTSocketExampleApp.swift */ = {isa = PBXFileReference; lastKnownFileType = sourcecode.swift; path = RESTSocketExampleApp.swift; sourceTree = "<group>"; };
		442C89CB2AF83934004D941D /* ContentView.swift */ = {isa = PBXFileReference; lastKnownFileType = sourcecode.swift; path = ContentView.swift; sourceTree = "<group>"; };
		442C89CD2AF83935004D941D /* Assets.xcassets */ = {isa = PBXFileReference; lastKnownFileType = folder.assetcatalog; path = Assets.xcassets; sourceTree = "<group>"; };
		442C89CF2AF83935004D941D /* RESTSocketExample.entitlements */ = {isa = PBXFileReference; lastKnownFileType = text.plist.entitlements; path = RESTSocketExample.entitlements; sourceTree = "<group>"; };
		442C89D12AF83935004D941D /* Preview Assets.xcassets */ = {isa = PBXFileReference; lastKnownFileType = folder.assetcatalog; path = "Preview Assets.xcassets"; sourceTree = "<group>"; };
		442C89D72AF83935004D941D /* RESTSocketExampleTests.xctest */ = {isa = PBXFileReference; explicitFileType = wrapper.cfbundle; includeInIndex = 0; path = RESTSocketExampleTests.xctest; sourceTree = BUILT_PRODUCTS_DIR; };
		442C89DB2AF83935004D941D /* RESTSocketExampleTests.swift */ = {isa = PBXFileReference; lastKnownFileType = sourcecode.swift; path = RESTSocketExampleTests.swift; sourceTree = "<group>"; };
		442C89E12AF83935004D941D /* RESTSocketExampleUITests.xctest */ = {isa = PBXFileReference; explicitFileType = wrapper.cfbundle; includeInIndex = 0; path = RESTSocketExampleUITests.xctest; sourceTree = BUILT_PRODUCTS_DIR; };
		442C89E52AF83935004D941D /* RESTSocketExampleUITests.swift */ = {isa = PBXFileReference; lastKnownFileType = sourcecode.swift; path = RESTSocketExampleUITests.swift; sourceTree = "<group>"; };
		442C89E72AF83935004D941D /* RESTSocketExampleUITestsLaunchTests.swift */ = {isa = PBXFileReference; lastKnownFileType = sourcecode.swift; path = RESTSocketExampleUITestsLaunchTests.swift; sourceTree = "<group>"; };
		442C89F72AF83B11004D941D /* LoginFeature.swift */ = {isa = PBXFileReference; lastKnownFileType = sourcecode.swift; path = LoginFeature.swift; sourceTree = "<group>"; };
		44A27D942AF84BF4000563AE /* AppFeature.swift */ = {isa = PBXFileReference; lastKnownFileType = sourcecode.swift; path = AppFeature.swift; sourceTree = "<group>"; };
		44A27D962AF84CA8000563AE /* HomeFeature.swift */ = {isa = PBXFileReference; lastKnownFileType = sourcecode.swift; path = HomeFeature.swift; sourceTree = "<group>"; };
		44A27D992AF8567D000563AE /* AuthToken.swift */ = {isa = PBXFileReference; lastKnownFileType = sourcecode.swift; path = AuthToken.swift; sourceTree = "<group>"; };
		44A27D9A2AF8568E000563AE /* SessionInfo.swift */ = {isa = PBXFileReference; lastKnownFileType = sourcecode.swift; path = SessionInfo.swift; sourceTree = "<group>"; };
		44A27D9C2AF86A38000563AE /* WebSocketStream.swift */ = {isa = PBXFileReference; lastKnownFileType = sourcecode.swift; path = WebSocketStream.swift; sourceTree = "<group>"; };
		44A27D9E2AF874BB000563AE /* Transaction.swift */ = {isa = PBXFileReference; lastKnownFileType = sourcecode.swift; path = Transaction.swift; sourceTree = "<group>"; };
		44A27DA02AF88168000563AE /* EmptyModel.swift */ = {isa = PBXFileReference; lastKnownFileType = sourcecode.swift; path = EmptyModel.swift; sourceTree = "<group>"; };
		44F388772AF84058003BF89B /* AuthClient.swift */ = {isa = PBXFileReference; lastKnownFileType = sourcecode.swift; path = AuthClient.swift; sourceTree = "<group>"; };
		44F388782AF84058003BF89B /* AuthClientMock.swift */ = {isa = PBXFileReference; lastKnownFileType = sourcecode.swift; path = AuthClientMock.swift; sourceTree = "<group>"; };
		44F388792AF84058003BF89B /* AuthClientTests.swift */ = {isa = PBXFileReference; lastKnownFileType = sourcecode.swift; path = AuthClientTests.swift; sourceTree = "<group>"; };
		44F3887A2AF84058003BF89B /* AppEnv.swift */ = {isa = PBXFileReference; lastKnownFileType = sourcecode.swift; path = AppEnv.swift; sourceTree = "<group>"; };
		44F3887C2AF84058003BF89B /* ApiClientTests.swift */ = {isa = PBXFileReference; lastKnownFileType = sourcecode.swift; path = ApiClientTests.swift; sourceTree = "<group>"; };
		44F3887D2AF84058003BF89B /* ApiClientMock.swift */ = {isa = PBXFileReference; lastKnownFileType = sourcecode.swift; path = ApiClientMock.swift; sourceTree = "<group>"; };
		44F3887E2AF84058003BF89B /* ApiClient.swift */ = {isa = PBXFileReference; lastKnownFileType = sourcecode.swift; path = ApiClient.swift; sourceTree = "<group>"; };
		44F3887F2AF84058003BF89B /* AuthSessionMock.swift */ = {isa = PBXFileReference; lastKnownFileType = sourcecode.swift; path = AuthSessionMock.swift; sourceTree = "<group>"; };
		44F388802AF84058003BF89B /* HTTPClient.swift */ = {isa = PBXFileReference; lastKnownFileType = sourcecode.swift; path = HTTPClient.swift; sourceTree = "<group>"; };
		44F388812AF84058003BF89B /* AuthSession.swift */ = {isa = PBXFileReference; lastKnownFileType = sourcecode.swift; path = AuthSession.swift; sourceTree = "<group>"; };
		44F388822AF8405F003BF89B /* TokenStorage.swift */ = {isa = PBXFileReference; lastKnownFileType = sourcecode.swift; path = TokenStorage.swift; sourceTree = "<group>"; };
		44F388882AF840B5003BF89B /* AuthToken.swift */ = {isa = PBXFileReference; fileEncoding = 4; lastKnownFileType = sourcecode.swift; path = AuthToken.swift; sourceTree = "<group>"; };
		44F3888B2AF8411B003BF89B /* Isolated.swift */ = {isa = PBXFileReference; fileEncoding = 4; lastKnownFileType = sourcecode.swift; path = Isolated.swift; sourceTree = "<group>"; };
		44F3888D2AF8411B003BF89B /* JSONCoders.swift */ = {isa = PBXFileReference; fileEncoding = 4; lastKnownFileType = sourcecode.swift; path = JSONCoders.swift; sourceTree = "<group>"; };
/* End PBXFileReference section */

/* Begin PBXFrameworksBuildPhase section */
		442C89C32AF83934004D941D /* Frameworks */ = {
			isa = PBXFrameworksBuildPhase;
			buildActionMask = 2147483647;
			files = (
				44F388872AF8409D003BF89B /* KeychainAccess in Frameworks */,
				442C89F62AF839E4004D941D /* ComposableArchitecture in Frameworks */,
			);
			runOnlyForDeploymentPostprocessing = 0;
		};
		442C89D42AF83935004D941D /* Frameworks */ = {
			isa = PBXFrameworksBuildPhase;
			buildActionMask = 2147483647;
			files = (
			);
			runOnlyForDeploymentPostprocessing = 0;
		};
		442C89DE2AF83935004D941D /* Frameworks */ = {
			isa = PBXFrameworksBuildPhase;
			buildActionMask = 2147483647;
			files = (
			);
			runOnlyForDeploymentPostprocessing = 0;
		};
/* End PBXFrameworksBuildPhase section */

/* Begin PBXGroup section */
		442C89BD2AF83934004D941D = {
			isa = PBXGroup;
			children = (
				442C89C82AF83934004D941D /* RESTSocketExample */,
				442C89DA2AF83935004D941D /* RESTSocketExampleTests */,
				442C89E42AF83935004D941D /* RESTSocketExampleUITests */,
				442C89C72AF83934004D941D /* Products */,
			);
			sourceTree = "<group>";
		};
		442C89C72AF83934004D941D /* Products */ = {
			isa = PBXGroup;
			children = (
				442C89C62AF83934004D941D /* RESTSocketExample.app */,
				442C89D72AF83935004D941D /* RESTSocketExampleTests.xctest */,
				442C89E12AF83935004D941D /* RESTSocketExampleUITests.xctest */,
			);
			name = Products;
			sourceTree = "<group>";
		};
		442C89C82AF83934004D941D /* RESTSocketExample */ = {
			isa = PBXGroup;
			children = (
				44A27D932AF84B8D000563AE /* AppFeatures */,
				44F3888A2AF840FE003BF89B /* Helpers */,
				44F388762AF83FB6003BF89B /* Services */,
				44A27D982AF85674000563AE /* Models */,
				442C89C92AF83934004D941D /* RESTSocketExampleApp.swift */,
				442C89CB2AF83934004D941D /* ContentView.swift */,
				442C89CD2AF83935004D941D /* Assets.xcassets */,
				442C89CF2AF83935004D941D /* RESTSocketExample.entitlements */,
				442C89D02AF83935004D941D /* Preview Content */,
			);
			path = RESTSocketExample;
			sourceTree = "<group>";
		};
		442C89D02AF83935004D941D /* Preview Content */ = {
			isa = PBXGroup;
			children = (
				442C89D12AF83935004D941D /* Preview Assets.xcassets */,
			);
			path = "Preview Content";
			sourceTree = "<group>";
		};
		442C89DA2AF83935004D941D /* RESTSocketExampleTests */ = {
			isa = PBXGroup;
			children = (
				442C89DB2AF83935004D941D /* RESTSocketExampleTests.swift */,
			);
			path = RESTSocketExampleTests;
			sourceTree = "<group>";
		};
		442C89E42AF83935004D941D /* RESTSocketExampleUITests */ = {
			isa = PBXGroup;
			children = (
				442C89E52AF83935004D941D /* RESTSocketExampleUITests.swift */,
				442C89E72AF83935004D941D /* RESTSocketExampleUITestsLaunchTests.swift */,
			);
			path = RESTSocketExampleUITests;
			sourceTree = "<group>";
		};
		44A27D932AF84B8D000563AE /* AppFeatures */ = {
			isa = PBXGroup;
			children = (
				44A27D942AF84BF4000563AE /* AppFeature.swift */,
				442C89F72AF83B11004D941D /* LoginFeature.swift */,
				44A27D962AF84CA8000563AE /* HomeFeature.swift */,
			);
			path = AppFeatures;
			sourceTree = "<group>";
		};
		44A27D982AF85674000563AE /* Models */ = {
			isa = PBXGroup;
			children = (
				44A27D992AF8567D000563AE /* AuthToken.swift */,
				44A27D9A2AF8568E000563AE /* SessionInfo.swift */,
				44A27D9E2AF874BB000563AE /* Transaction.swift */,
				44A27DA02AF88168000563AE /* EmptyModel.swift */,
			);
			path = Models;
			sourceTree = "<group>";
		};
		44F388762AF83FB6003BF89B /* Services */ = {
			isa = PBXGroup;
			children = (
				44F3887B2AF84058003BF89B /* ApiClient */,
				44F3887A2AF84058003BF89B /* AppEnv.swift */,
				44F388772AF84058003BF89B /* AuthClient.swift */,
				44F388782AF84058003BF89B /* AuthClientMock.swift */,
				44F388792AF84058003BF89B /* AuthClientTests.swift */,
				44F388882AF840B5003BF89B /* AuthToken.swift */,
				44F388822AF8405F003BF89B /* TokenStorage.swift */,
			);
			path = Services;
			sourceTree = "<group>";
		};
		44F3887B2AF84058003BF89B /* ApiClient */ = {
			isa = PBXGroup;
			children = (
				44F3887C2AF84058003BF89B /* ApiClientTests.swift */,
				44F3887D2AF84058003BF89B /* ApiClientMock.swift */,
				44F3887E2AF84058003BF89B /* ApiClient.swift */,
				44F3887F2AF84058003BF89B /* AuthSessionMock.swift */,
				44F388802AF84058003BF89B /* HTTPClient.swift */,
				44F388812AF84058003BF89B /* AuthSession.swift */,
			);
			path = ApiClient;
			sourceTree = "<group>";
		};
		44F3888A2AF840FE003BF89B /* Helpers */ = {
			isa = PBXGroup;
			children = (
				44F3888B2AF8411B003BF89B /* Isolated.swift */,
				44F3888D2AF8411B003BF89B /* JSONCoders.swift */,
				44A27D9C2AF86A38000563AE /* WebSocketStream.swift */,
			);
			path = Helpers;
			sourceTree = "<group>";
		};
/* End PBXGroup section */

/* Begin PBXNativeTarget section */
		442C89C52AF83934004D941D /* RESTSocketExample */ = {
			isa = PBXNativeTarget;
			buildConfigurationList = 442C89EB2AF83935004D941D /* Build configuration list for PBXNativeTarget "RESTSocketExample" */;
			buildPhases = (
				442C89C22AF83934004D941D /* Sources */,
				442C89C32AF83934004D941D /* Frameworks */,
				442C89C42AF83934004D941D /* Resources */,
			);
			buildRules = (
			);
			dependencies = (
			);
			name = RESTSocketExample;
			packageProductDependencies = (
				442C89F52AF839E4004D941D /* ComposableArchitecture */,
				44F388862AF8409D003BF89B /* KeychainAccess */,
			);
			productName = RESTSocketExample;
			productReference = 442C89C62AF83934004D941D /* RESTSocketExample.app */;
			productType = "com.apple.product-type.application";
		};
		442C89D62AF83935004D941D /* RESTSocketExampleTests */ = {
			isa = PBXNativeTarget;
			buildConfigurationList = 442C89EE2AF83935004D941D /* Build configuration list for PBXNativeTarget "RESTSocketExampleTests" */;
			buildPhases = (
				442C89D32AF83935004D941D /* Sources */,
				442C89D42AF83935004D941D /* Frameworks */,
				442C89D52AF83935004D941D /* Resources */,
			);
			buildRules = (
			);
			dependencies = (
				442C89D92AF83935004D941D /* PBXTargetDependency */,
			);
			name = RESTSocketExampleTests;
			productName = RESTSocketExampleTests;
			productReference = 442C89D72AF83935004D941D /* RESTSocketExampleTests.xctest */;
			productType = "com.apple.product-type.bundle.unit-test";
		};
		442C89E02AF83935004D941D /* RESTSocketExampleUITests */ = {
			isa = PBXNativeTarget;
			buildConfigurationList = 442C89F12AF83935004D941D /* Build configuration list for PBXNativeTarget "RESTSocketExampleUITests" */;
			buildPhases = (
				442C89DD2AF83935004D941D /* Sources */,
				442C89DE2AF83935004D941D /* Frameworks */,
				442C89DF2AF83935004D941D /* Resources */,
			);
			buildRules = (
			);
			dependencies = (
				442C89E32AF83935004D941D /* PBXTargetDependency */,
			);
			name = RESTSocketExampleUITests;
			productName = RESTSocketExampleUITests;
			productReference = 442C89E12AF83935004D941D /* RESTSocketExampleUITests.xctest */;
			productType = "com.apple.product-type.bundle.ui-testing";
		};
/* End PBXNativeTarget section */

/* Begin PBXProject section */
		442C89BE2AF83934004D941D /* Project object */ = {
			isa = PBXProject;
			attributes = {
				BuildIndependentTargetsInParallel = 1;
				LastSwiftUpdateCheck = 1500;
				LastUpgradeCheck = 1500;
				TargetAttributes = {
					442C89C52AF83934004D941D = {
						CreatedOnToolsVersion = 15.0;
					};
					442C89D62AF83935004D941D = {
						CreatedOnToolsVersion = 15.0;
						TestTargetID = 442C89C52AF83934004D941D;
					};
					442C89E02AF83935004D941D = {
						CreatedOnToolsVersion = 15.0;
						TestTargetID = 442C89C52AF83934004D941D;
					};
				};
			};
			buildConfigurationList = 442C89C12AF83934004D941D /* Build configuration list for PBXProject "RESTSocketExample" */;
			compatibilityVersion = "Xcode 14.0";
			developmentRegion = en;
			hasScannedForEncodings = 0;
			knownRegions = (
				en,
				Base,
			);
			mainGroup = 442C89BD2AF83934004D941D;
			packageReferences = (
				442C89F42AF839E4004D941D /* XCRemoteSwiftPackageReference "swift-composable-architecture" */,
				44F388852AF8409D003BF89B /* XCRemoteSwiftPackageReference "KeychainAccess" */,
			);
			productRefGroup = 442C89C72AF83934004D941D /* Products */;
			projectDirPath = "";
			projectRoot = "";
			targets = (
				442C89C52AF83934004D941D /* RESTSocketExample */,
				442C89D62AF83935004D941D /* RESTSocketExampleTests */,
				442C89E02AF83935004D941D /* RESTSocketExampleUITests */,
			);
		};
/* End PBXProject section */

/* Begin PBXResourcesBuildPhase section */
		442C89C42AF83934004D941D /* Resources */ = {
			isa = PBXResourcesBuildPhase;
			buildActionMask = 2147483647;
			files = (
				442C89D22AF83935004D941D /* Preview Assets.xcassets in Resources */,
				442C89CE2AF83935004D941D /* Assets.xcassets in Resources */,
			);
			runOnlyForDeploymentPostprocessing = 0;
		};
		442C89D52AF83935004D941D /* Resources */ = {
			isa = PBXResourcesBuildPhase;
			buildActionMask = 2147483647;
			files = (
			);
			runOnlyForDeploymentPostprocessing = 0;
		};
		442C89DF2AF83935004D941D /* Resources */ = {
			isa = PBXResourcesBuildPhase;
			buildActionMask = 2147483647;
			files = (
			);
			runOnlyForDeploymentPostprocessing = 0;
		};
/* End PBXResourcesBuildPhase section */

/* Begin PBXSourcesBuildPhase section */
		442C89C22AF83934004D941D /* Sources */ = {
			isa = PBXSourcesBuildPhase;
			buildActionMask = 2147483647;
			files = (
				44F388912AF8412D003BF89B /* AuthClientMock.swift in Sources */,
				44F388952AF841E3003BF89B /* ApiClientMock.swift in Sources */,
				44A27D9B2AF8568E000563AE /* SessionInfo.swift in Sources */,
				44F388992AF841F0003BF89B /* AuthSession.swift in Sources */,
				44F3888E2AF8411B003BF89B /* Isolated.swift in Sources */,
				442C89CC2AF83934004D941D /* ContentView.swift in Sources */,
				442C89CA2AF83934004D941D /* RESTSocketExampleApp.swift in Sources */,
				44A27D972AF84CA8000563AE /* HomeFeature.swift in Sources */,
				44F388972AF841EA003BF89B /* AuthSessionMock.swift in Sources */,
				44A27D9D2AF86A38000563AE /* WebSocketStream.swift in Sources */,
				44F388932AF8414D003BF89B /* AppEnv.swift in Sources */,
				44A27D952AF84BF4000563AE /* AppFeature.swift in Sources */,
				442C89F82AF83B11004D941D /* LoginFeature.swift in Sources */,
				44F388962AF841E7003BF89B /* ApiClient.swift in Sources */,
				44A27DA12AF88169000563AE /* EmptyModel.swift in Sources */,
				44A27D9F2AF874BB000563AE /* Transaction.swift in Sources */,
				44F388922AF84144003BF89B /* AuthClient.swift in Sources */,
				44F388982AF841EC003BF89B /* HTTPClient.swift in Sources */,
				44F388902AF8411B003BF89B /* JSONCoders.swift in Sources */,
				44F388892AF840B5003BF89B /* AuthToken.swift in Sources */,
				44F388842AF84073003BF89B /* TokenStorage.swift in Sources */,
			);
			runOnlyForDeploymentPostprocessing = 0;
		};
		442C89D32AF83935004D941D /* Sources */ = {
			isa = PBXSourcesBuildPhase;
			buildActionMask = 2147483647;
			files = (
				442C89DC2AF83935004D941D /* RESTSocketExampleTests.swift in Sources */,
				44F388942AF841DA003BF89B /* ApiClientTests.swift in Sources */,
			);
			runOnlyForDeploymentPostprocessing = 0;
		};
		442C89DD2AF83935004D941D /* Sources */ = {
			isa = PBXSourcesBuildPhase;
			buildActionMask = 2147483647;
			files = (
				442C89E82AF83935004D941D /* RESTSocketExampleUITestsLaunchTests.swift in Sources */,
				442C89E62AF83935004D941D /* RESTSocketExampleUITests.swift in Sources */,
			);
			runOnlyForDeploymentPostprocessing = 0;
		};
/* End PBXSourcesBuildPhase section */

/* Begin PBXTargetDependency section */
		442C89D92AF83935004D941D /* PBXTargetDependency */ = {
			isa = PBXTargetDependency;
			target = 442C89C52AF83934004D941D /* RESTSocketExample */;
			targetProxy = 442C89D82AF83935004D941D /* PBXContainerItemProxy */;
		};
		442C89E32AF83935004D941D /* PBXTargetDependency */ = {
			isa = PBXTargetDependency;
			target = 442C89C52AF83934004D941D /* RESTSocketExample */;
			targetProxy = 442C89E22AF83935004D941D /* PBXContainerItemProxy */;
		};
/* End PBXTargetDependency section */

/* Begin XCBuildConfiguration section */
		442C89E92AF83935004D941D /* Debug */ = {
			isa = XCBuildConfiguration;
			buildSettings = {
				ALWAYS_SEARCH_USER_PATHS = NO;
				ASSETCATALOG_COMPILER_GENERATE_SWIFT_ASSET_SYMBOL_EXTENSIONS = YES;
				CLANG_ANALYZER_NONNULL = YES;
				CLANG_ANALYZER_NUMBER_OBJECT_CONVERSION = YES_AGGRESSIVE;
				CLANG_CXX_LANGUAGE_STANDARD = "gnu++20";
				CLANG_ENABLE_MODULES = YES;
				CLANG_ENABLE_OBJC_ARC = YES;
				CLANG_ENABLE_OBJC_WEAK = YES;
				CLANG_WARN_BLOCK_CAPTURE_AUTORELEASING = YES;
				CLANG_WARN_BOOL_CONVERSION = YES;
				CLANG_WARN_COMMA = YES;
				CLANG_WARN_CONSTANT_CONVERSION = YES;
				CLANG_WARN_DEPRECATED_OBJC_IMPLEMENTATIONS = YES;
				CLANG_WARN_DIRECT_OBJC_ISA_USAGE = YES_ERROR;
				CLANG_WARN_DOCUMENTATION_COMMENTS = YES;
				CLANG_WARN_EMPTY_BODY = YES;
				CLANG_WARN_ENUM_CONVERSION = YES;
				CLANG_WARN_INFINITE_RECURSION = YES;
				CLANG_WARN_INT_CONVERSION = YES;
				CLANG_WARN_NON_LITERAL_NULL_CONVERSION = YES;
				CLANG_WARN_OBJC_IMPLICIT_RETAIN_SELF = YES;
				CLANG_WARN_OBJC_LITERAL_CONVERSION = YES;
				CLANG_WARN_OBJC_ROOT_CLASS = YES_ERROR;
				CLANG_WARN_QUOTED_INCLUDE_IN_FRAMEWORK_HEADER = YES;
				CLANG_WARN_RANGE_LOOP_ANALYSIS = YES;
				CLANG_WARN_STRICT_PROTOTYPES = YES;
				CLANG_WARN_SUSPICIOUS_MOVE = YES;
				CLANG_WARN_UNGUARDED_AVAILABILITY = YES_AGGRESSIVE;
				CLANG_WARN_UNREACHABLE_CODE = YES;
				CLANG_WARN__DUPLICATE_METHOD_MATCH = YES;
				COPY_PHASE_STRIP = NO;
				DEBUG_INFORMATION_FORMAT = dwarf;
				ENABLE_STRICT_OBJC_MSGSEND = YES;
				ENABLE_TESTABILITY = YES;
				ENABLE_USER_SCRIPT_SANDBOXING = YES;
				GCC_C_LANGUAGE_STANDARD = gnu17;
				GCC_DYNAMIC_NO_PIC = NO;
				GCC_NO_COMMON_BLOCKS = YES;
				GCC_OPTIMIZATION_LEVEL = 0;
				GCC_PREPROCESSOR_DEFINITIONS = (
					"DEBUG=1",
					"$(inherited)",
				);
				GCC_WARN_64_TO_32_BIT_CONVERSION = YES;
				GCC_WARN_ABOUT_RETURN_TYPE = YES_ERROR;
				GCC_WARN_UNDECLARED_SELECTOR = YES;
				GCC_WARN_UNINITIALIZED_AUTOS = YES_AGGRESSIVE;
				GCC_WARN_UNUSED_FUNCTION = YES;
				GCC_WARN_UNUSED_VARIABLE = YES;
				LOCALIZATION_PREFERS_STRING_CATALOGS = YES;
				MTL_ENABLE_DEBUG_INFO = INCLUDE_SOURCE;
				MTL_FAST_MATH = YES;
				ONLY_ACTIVE_ARCH = YES;
				SWIFT_ACTIVE_COMPILATION_CONDITIONS = "DEBUG $(inherited)";
				SWIFT_OPTIMIZATION_LEVEL = "-Onone";
			};
			name = Debug;
		};
		442C89EA2AF83935004D941D /* Release */ = {
			isa = XCBuildConfiguration;
			buildSettings = {
				ALWAYS_SEARCH_USER_PATHS = NO;
				ASSETCATALOG_COMPILER_GENERATE_SWIFT_ASSET_SYMBOL_EXTENSIONS = YES;
				CLANG_ANALYZER_NONNULL = YES;
				CLANG_ANALYZER_NUMBER_OBJECT_CONVERSION = YES_AGGRESSIVE;
				CLANG_CXX_LANGUAGE_STANDARD = "gnu++20";
				CLANG_ENABLE_MODULES = YES;
				CLANG_ENABLE_OBJC_ARC = YES;
				CLANG_ENABLE_OBJC_WEAK = YES;
				CLANG_WARN_BLOCK_CAPTURE_AUTORELEASING = YES;
				CLANG_WARN_BOOL_CONVERSION = YES;
				CLANG_WARN_COMMA = YES;
				CLANG_WARN_CONSTANT_CONVERSION = YES;
				CLANG_WARN_DEPRECATED_OBJC_IMPLEMENTATIONS = YES;
				CLANG_WARN_DIRECT_OBJC_ISA_USAGE = YES_ERROR;
				CLANG_WARN_DOCUMENTATION_COMMENTS = YES;
				CLANG_WARN_EMPTY_BODY = YES;
				CLANG_WARN_ENUM_CONVERSION = YES;
				CLANG_WARN_INFINITE_RECURSION = YES;
				CLANG_WARN_INT_CONVERSION = YES;
				CLANG_WARN_NON_LITERAL_NULL_CONVERSION = YES;
				CLANG_WARN_OBJC_IMPLICIT_RETAIN_SELF = YES;
				CLANG_WARN_OBJC_LITERAL_CONVERSION = YES;
				CLANG_WARN_OBJC_ROOT_CLASS = YES_ERROR;
				CLANG_WARN_QUOTED_INCLUDE_IN_FRAMEWORK_HEADER = YES;
				CLANG_WARN_RANGE_LOOP_ANALYSIS = YES;
				CLANG_WARN_STRICT_PROTOTYPES = YES;
				CLANG_WARN_SUSPICIOUS_MOVE = YES;
				CLANG_WARN_UNGUARDED_AVAILABILITY = YES_AGGRESSIVE;
				CLANG_WARN_UNREACHABLE_CODE = YES;
				CLANG_WARN__DUPLICATE_METHOD_MATCH = YES;
				COPY_PHASE_STRIP = NO;
				DEBUG_INFORMATION_FORMAT = "dwarf-with-dsym";
				ENABLE_NS_ASSERTIONS = NO;
				ENABLE_STRICT_OBJC_MSGSEND = YES;
				ENABLE_USER_SCRIPT_SANDBOXING = YES;
				GCC_C_LANGUAGE_STANDARD = gnu17;
				GCC_NO_COMMON_BLOCKS = YES;
				GCC_WARN_64_TO_32_BIT_CONVERSION = YES;
				GCC_WARN_ABOUT_RETURN_TYPE = YES_ERROR;
				GCC_WARN_UNDECLARED_SELECTOR = YES;
				GCC_WARN_UNINITIALIZED_AUTOS = YES_AGGRESSIVE;
				GCC_WARN_UNUSED_FUNCTION = YES;
				GCC_WARN_UNUSED_VARIABLE = YES;
				LOCALIZATION_PREFERS_STRING_CATALOGS = YES;
				MTL_ENABLE_DEBUG_INFO = NO;
				MTL_FAST_MATH = YES;
				SWIFT_COMPILATION_MODE = wholemodule;
			};
			name = Release;
		};
		442C89EC2AF83935004D941D /* Debug */ = {
			isa = XCBuildConfiguration;
			buildSettings = {
				ASSETCATALOG_COMPILER_APPICON_NAME = AppIcon;
				ASSETCATALOG_COMPILER_GLOBAL_ACCENT_COLOR_NAME = AccentColor;
				CODE_SIGN_ENTITLEMENTS = RESTSocketExample/RESTSocketExample.entitlements;
				CODE_SIGN_STYLE = Automatic;
				CURRENT_PROJECT_VERSION = 1;
				DEVELOPMENT_ASSET_PATHS = "\"RESTSocketExample/Preview Content\"";
				DEVELOPMENT_TEAM = 9DB8872T2A;
				ENABLE_HARDENED_RUNTIME = YES;
				ENABLE_PREVIEWS = YES;
				GENERATE_INFOPLIST_FILE = YES;
				"INFOPLIST_KEY_UIApplicationSceneManifest_Generation[sdk=iphoneos*]" = YES;
				"INFOPLIST_KEY_UIApplicationSceneManifest_Generation[sdk=iphonesimulator*]" = YES;
				"INFOPLIST_KEY_UIApplicationSupportsIndirectInputEvents[sdk=iphoneos*]" = YES;
				"INFOPLIST_KEY_UIApplicationSupportsIndirectInputEvents[sdk=iphonesimulator*]" = YES;
				"INFOPLIST_KEY_UILaunchScreen_Generation[sdk=iphoneos*]" = YES;
				"INFOPLIST_KEY_UILaunchScreen_Generation[sdk=iphonesimulator*]" = YES;
				"INFOPLIST_KEY_UIStatusBarStyle[sdk=iphoneos*]" = UIStatusBarStyleDefault;
				"INFOPLIST_KEY_UIStatusBarStyle[sdk=iphonesimulator*]" = UIStatusBarStyleDefault;
				INFOPLIST_KEY_UISupportedInterfaceOrientations_iPad = "UIInterfaceOrientationPortrait UIInterfaceOrientationPortraitUpsideDown UIInterfaceOrientationLandscapeLeft UIInterfaceOrientationLandscapeRight";
				INFOPLIST_KEY_UISupportedInterfaceOrientations_iPhone = "UIInterfaceOrientationPortrait UIInterfaceOrientationLandscapeLeft UIInterfaceOrientationLandscapeRight";
				IPHONEOS_DEPLOYMENT_TARGET = 17.0;
				LD_RUNPATH_SEARCH_PATHS = "@executable_path/Frameworks";
				"LD_RUNPATH_SEARCH_PATHS[sdk=macosx*]" = "@executable_path/../Frameworks";
				MACOSX_DEPLOYMENT_TARGET = 13.5;
				MARKETING_VERSION = 1.0;
				PRODUCT_BUNDLE_IDENTIFIER = me.honcharenko.RESTSocketExample;
				PRODUCT_NAME = "$(TARGET_NAME)";
				SDKROOT = auto;
				SUPPORTED_PLATFORMS = "iphoneos iphonesimulator macosx";
				SWIFT_EMIT_LOC_STRINGS = YES;
				SWIFT_VERSION = 5.0;
				TARGETED_DEVICE_FAMILY = "1,2";
			};
			name = Debug;
		};
		442C89ED2AF83935004D941D /* Release */ = {
			isa = XCBuildConfiguration;
			buildSettings = {
				ASSETCATALOG_COMPILER_APPICON_NAME = AppIcon;
				ASSETCATALOG_COMPILER_GLOBAL_ACCENT_COLOR_NAME = AccentColor;
				CODE_SIGN_ENTITLEMENTS = RESTSocketExample/RESTSocketExample.entitlements;
				CODE_SIGN_STYLE = Automatic;
				CURRENT_PROJECT_VERSION = 1;
				DEVELOPMENT_ASSET_PATHS = "\"RESTSocketExample/Preview Content\"";
				DEVELOPMENT_TEAM = 9DB8872T2A;
				ENABLE_HARDENED_RUNTIME = YES;
				ENABLE_PREVIEWS = YES;
				GENERATE_INFOPLIST_FILE = YES;
				"INFOPLIST_KEY_UIApplicationSceneManifest_Generation[sdk=iphoneos*]" = YES;
				"INFOPLIST_KEY_UIApplicationSceneManifest_Generation[sdk=iphonesimulator*]" = YES;
				"INFOPLIST_KEY_UIApplicationSupportsIndirectInputEvents[sdk=iphoneos*]" = YES;
				"INFOPLIST_KEY_UIApplicationSupportsIndirectInputEvents[sdk=iphonesimulator*]" = YES;
				"INFOPLIST_KEY_UILaunchScreen_Generation[sdk=iphoneos*]" = YES;
				"INFOPLIST_KEY_UILaunchScreen_Generation[sdk=iphonesimulator*]" = YES;
				"INFOPLIST_KEY_UIStatusBarStyle[sdk=iphoneos*]" = UIStatusBarStyleDefault;
				"INFOPLIST_KEY_UIStatusBarStyle[sdk=iphonesimulator*]" = UIStatusBarStyleDefault;
				INFOPLIST_KEY_UISupportedInterfaceOrientations_iPad = "UIInterfaceOrientationPortrait UIInterfaceOrientationPortraitUpsideDown UIInterfaceOrientationLandscapeLeft UIInterfaceOrientationLandscapeRight";
				INFOPLIST_KEY_UISupportedInterfaceOrientations_iPhone = "UIInterfaceOrientationPortrait UIInterfaceOrientationLandscapeLeft UIInterfaceOrientationLandscapeRight";
				IPHONEOS_DEPLOYMENT_TARGET = 17.0;
				LD_RUNPATH_SEARCH_PATHS = "@executable_path/Frameworks";
				"LD_RUNPATH_SEARCH_PATHS[sdk=macosx*]" = "@executable_path/../Frameworks";
				MACOSX_DEPLOYMENT_TARGET = 13.5;
				MARKETING_VERSION = 1.0;
				PRODUCT_BUNDLE_IDENTIFIER = me.honcharenko.RESTSocketExample;
				PRODUCT_NAME = "$(TARGET_NAME)";
				SDKROOT = auto;
				SUPPORTED_PLATFORMS = "iphoneos iphonesimulator macosx";
				SWIFT_EMIT_LOC_STRINGS = YES;
				SWIFT_VERSION = 5.0;
				TARGETED_DEVICE_FAMILY = "1,2";
			};
			name = Release;
		};
		442C89EF2AF83935004D941D /* Debug */ = {
			isa = XCBuildConfiguration;
			buildSettings = {
				ALWAYS_EMBED_SWIFT_STANDARD_LIBRARIES = YES;
				BUNDLE_LOADER = "$(TEST_HOST)";
				CODE_SIGN_STYLE = Automatic;
				CURRENT_PROJECT_VERSION = 1;
				DEVELOPMENT_TEAM = 9DB8872T2A;
				GENERATE_INFOPLIST_FILE = YES;
				IPHONEOS_DEPLOYMENT_TARGET = 17.0;
				MACOSX_DEPLOYMENT_TARGET = 13.5;
				MARKETING_VERSION = 1.0;
				PRODUCT_BUNDLE_IDENTIFIER = me.honcharenko.RESTSocketExampleTests;
				PRODUCT_NAME = "$(TARGET_NAME)";
				SDKROOT = auto;
				SUPPORTED_PLATFORMS = "iphoneos iphonesimulator macosx";
				SWIFT_EMIT_LOC_STRINGS = NO;
				SWIFT_VERSION = 5.0;
				TARGETED_DEVICE_FAMILY = "1,2";
				TEST_HOST = "$(BUILT_PRODUCTS_DIR)/RESTSocketExample.app/$(BUNDLE_EXECUTABLE_FOLDER_PATH)/RESTSocketExample";
			};
			name = Debug;
		};
		442C89F02AF83935004D941D /* Release */ = {
			isa = XCBuildConfiguration;
			buildSettings = {
				ALWAYS_EMBED_SWIFT_STANDARD_LIBRARIES = YES;
				BUNDLE_LOADER = "$(TEST_HOST)";
				CODE_SIGN_STYLE = Automatic;
				CURRENT_PROJECT_VERSION = 1;
				DEVELOPMENT_TEAM = 9DB8872T2A;
				GENERATE_INFOPLIST_FILE = YES;
				IPHONEOS_DEPLOYMENT_TARGET = 17.0;
				MACOSX_DEPLOYMENT_TARGET = 13.5;
				MARKETING_VERSION = 1.0;
				PRODUCT_BUNDLE_IDENTIFIER = me.honcharenko.RESTSocketExampleTests;
				PRODUCT_NAME = "$(TARGET_NAME)";
				SDKROOT = auto;
				SUPPORTED_PLATFORMS = "iphoneos iphonesimulator macosx";
				SWIFT_EMIT_LOC_STRINGS = NO;
				SWIFT_VERSION = 5.0;
				TARGETED_DEVICE_FAMILY = "1,2";
				TEST_HOST = "$(BUILT_PRODUCTS_DIR)/RESTSocketExample.app/$(BUNDLE_EXECUTABLE_FOLDER_PATH)/RESTSocketExample";
			};
			name = Release;
		};
		442C89F22AF83935004D941D /* Debug */ = {
			isa = XCBuildConfiguration;
			buildSettings = {
				ALWAYS_EMBED_SWIFT_STANDARD_LIBRARIES = YES;
				CODE_SIGN_STYLE = Automatic;
				CURRENT_PROJECT_VERSION = 1;
				DEVELOPMENT_TEAM = 9DB8872T2A;
				GENERATE_INFOPLIST_FILE = YES;
				IPHONEOS_DEPLOYMENT_TARGET = 17.0;
				MACOSX_DEPLOYMENT_TARGET = 13.5;
				MARKETING_VERSION = 1.0;
				PRODUCT_BUNDLE_IDENTIFIER = me.honcharenko.RESTSocketExampleUITests;
				PRODUCT_NAME = "$(TARGET_NAME)";
				SDKROOT = auto;
				SUPPORTED_PLATFORMS = "iphoneos iphonesimulator macosx";
				SWIFT_EMIT_LOC_STRINGS = NO;
				SWIFT_VERSION = 5.0;
				TARGETED_DEVICE_FAMILY = "1,2";
				TEST_TARGET_NAME = RESTSocketExample;
			};
			name = Debug;
		};
		442C89F32AF83935004D941D /* Release */ = {
			isa = XCBuildConfiguration;
			buildSettings = {
				ALWAYS_EMBED_SWIFT_STANDARD_LIBRARIES = YES;
				CODE_SIGN_STYLE = Automatic;
				CURRENT_PROJECT_VERSION = 1;
				DEVELOPMENT_TEAM = 9DB8872T2A;
				GENERATE_INFOPLIST_FILE = YES;
				IPHONEOS_DEPLOYMENT_TARGET = 17.0;
				MACOSX_DEPLOYMENT_TARGET = 13.5;
				MARKETING_VERSION = 1.0;
				PRODUCT_BUNDLE_IDENTIFIER = me.honcharenko.RESTSocketExampleUITests;
				PRODUCT_NAME = "$(TARGET_NAME)";
				SDKROOT = auto;
				SUPPORTED_PLATFORMS = "iphoneos iphonesimulator macosx";
				SWIFT_EMIT_LOC_STRINGS = NO;
				SWIFT_VERSION = 5.0;
				TARGETED_DEVICE_FAMILY = "1,2";
				TEST_TARGET_NAME = RESTSocketExample;
			};
			name = Release;
		};
/* End XCBuildConfiguration section */

/* Begin XCConfigurationList section */
		442C89C12AF83934004D941D /* Build configuration list for PBXProject "RESTSocketExample" */ = {
			isa = XCConfigurationList;
			buildConfigurations = (
				442C89E92AF83935004D941D /* Debug */,
				442C89EA2AF83935004D941D /* Release */,
			);
			defaultConfigurationIsVisible = 0;
			defaultConfigurationName = Release;
		};
		442C89EB2AF83935004D941D /* Build configuration list for PBXNativeTarget "RESTSocketExample" */ = {
			isa = XCConfigurationList;
			buildConfigurations = (
				442C89EC2AF83935004D941D /* Debug */,
				442C89ED2AF83935004D941D /* Release */,
			);
			defaultConfigurationIsVisible = 0;
			defaultConfigurationName = Release;
		};
		442C89EE2AF83935004D941D /* Build configuration list for PBXNativeTarget "RESTSocketExampleTests" */ = {
			isa = XCConfigurationList;
			buildConfigurations = (
				442C89EF2AF83935004D941D /* Debug */,
				442C89F02AF83935004D941D /* Release */,
			);
			defaultConfigurationIsVisible = 0;
			defaultConfigurationName = Release;
		};
		442C89F12AF83935004D941D /* Build configuration list for PBXNativeTarget "RESTSocketExampleUITests" */ = {
			isa = XCConfigurationList;
			buildConfigurations = (
				442C89F22AF83935004D941D /* Debug */,
				442C89F32AF83935004D941D /* Release */,
			);
			defaultConfigurationIsVisible = 0;
			defaultConfigurationName = Release;
		};
/* End XCConfigurationList section */

/* Begin XCRemoteSwiftPackageReference section */
		442C89F42AF839E4004D941D /* XCRemoteSwiftPackageReference "swift-composable-architecture" */ = {
			isa = XCRemoteSwiftPackageReference;
			repositoryURL = "https://github.com/pointfreeco/swift-composable-architecture.git";
			requirement = {
				kind = upToNextMajorVersion;
				minimumVersion = 1.3.0;
			};
		};
		44F388852AF8409D003BF89B /* XCRemoteSwiftPackageReference "KeychainAccess" */ = {
			isa = XCRemoteSwiftPackageReference;
			repositoryURL = "https://github.com/kishikawakatsumi/KeychainAccess.git";
			requirement = {
				kind = upToNextMajorVersion;
				minimumVersion = 4.2.2;
			};
		};
/* End XCRemoteSwiftPackageReference section */

/* Begin XCSwiftPackageProductDependency section */
		442C89F52AF839E4004D941D /* ComposableArchitecture */ = {
			isa = XCSwiftPackageProductDependency;
			package = 442C89F42AF839E4004D941D /* XCRemoteSwiftPackageReference "swift-composable-architecture" */;
			productName = ComposableArchitecture;
		};
		44F388862AF8409D003BF89B /* KeychainAccess */ = {
			isa = XCSwiftPackageProductDependency;
			package = 44F388852AF8409D003BF89B /* XCRemoteSwiftPackageReference "KeychainAccess" */;
			productName = KeychainAccess;
		};
/* End XCSwiftPackageProductDependency section */
	};
	rootObject = 442C89BE2AF83934004D941D /* Project object */;
}
